
Microsoft Visual Studio Solution File, Format Version 12.00
# Visual Studio Version 16
VisualStudioVersion = 16.0.29709.97
MinimumVisualStudioVersion = 10.0.40219.1
Project("{FAE04EC0-301F-11D3-BF4B-00C04F79EFBC}") = "WebApplication1", "WebApplication1\WebApplication1.csproj", "{7B27BA4F-A4DD-4A41-894E-682E20D70D04}"
EndProject
Project("{FAE04EC0-301F-11D3-BF4B-00C04F79EFBC}") = "DAL", "DAL\DAL.csproj", "{B27EE2C0-AD0F-435A-89E6-BD43D83C2BF9}"
EndProject
Project("{FAE04EC0-301F-11D3-BF4B-00C04F79EFBC}") = "BL", "BL\BL.csproj", "{110E6D32-6551-494D-8020-9E43EA034F76}"
EndProject
Global
	GlobalSection(SolutionConfigurationPlatforms) = preSolution
		Debug|Any CPU = Debug|Any CPU
		Release|Any CPU = Release|Any CPU
	EndGlobalSection
	GlobalSection(ProjectConfigurationPlatforms) = postSolution
		{7B27BA4F-A4DD-4A41-894E-682E20D70D04}.Debug|Any CPU.ActiveCfg = Debug|Any CPU
		{7B27BA4F-A4DD-4A41-894E-682E20D70D04}.Debug|Any CPU.Build.0 = Debug|Any CPU
		{7B27BA4F-A4DD-4A41-894E-682E20D70D04}.Release|Any CPU.ActiveCfg = Release|Any CPU
		{7B27BA4F-A4DD-4A41-894E-682E20D70D04}.Release|Any CPU.Build.0 = Release|Any CPU
		{B27EE2C0-AD0F-435A-89E6-BD43D83C2BF9}.Debug|Any CPU.ActiveCfg = Debug|Any CPU
		{B27EE2C0-AD0F-435A-89E6-BD43D83C2BF9}.Debug|Any CPU.Build.0 = Debug|Any CPU
		{B27EE2C0-AD0F-435A-89E6-BD43D83C2BF9}.Release|Any CPU.ActiveCfg = Release|Any CPU
		{B27EE2C0-AD0F-435A-89E6-BD43D83C2BF9}.Release|Any CPU.Build.0 = Release|Any CPU
		{110E6D32-6551-494D-8020-9E43EA034F76}.Debug|Any CPU.ActiveCfg = Debug|Any CPU
		{110E6D32-6551-494D-8020-9E43EA034F76}.Debug|Any CPU.Build.0 = Debug|Any CPU
		{110E6D32-6551-494D-8020-9E43EA034F76}.Release|Any CPU.ActiveCfg = Release|Any CPU
		{110E6D32-6551-494D-8020-9E43EA034F76}.Release|Any CPU.Build.0 = Release|Any CPU
	EndGlobalSection
	GlobalSection(SolutionProperties) = preSolution
		HideSolutionNode = FALSE
	EndGlobalSection
	GlobalSection(ExtensibilityGlobals) = postSolution
		SolutionGuid = {9A8904FD-E110-4312-B2DD-9A0A4FC5D69E}
	EndGlobalSection
EndGlobal
